// !$*UTF8*$!
{
	archiveVersion = 1;
	classes = {
	};
	objectVersion = 56;
	objects = {

/* Begin PBXBuildFile section */
		D836A3E6297AA65000822C50 /* FlatmateImage.swift in Sources */ = {isa = PBXBuildFile; fileRef = D836A3E5297AA65000822C50 /* FlatmateImage.swift */; };
		D844B15D29865B7600CB03A5 /* RegisterButton.swift in Sources */ = {isa = PBXBuildFile; fileRef = D844B15C29865B7600CB03A5 /* RegisterButton.swift */; };
		D844B1602986662E00CB03A5 /* FlatItDataModel.xcdatamodeld in Sources */ = {isa = PBXBuildFile; fileRef = D844B15E2986662E00CB03A5 /* FlatItDataModel.xcdatamodeld */; };
		D84EF89129892C260075C413 /* FlatmatesProvider.swift in Sources */ = {isa = PBXBuildFile; fileRef = D84EF89029892C260075C413 /* FlatmatesProvider.swift */; };
		D8547FD2297BF76800655E3D /* Heebo-Regular.ttf in Resources */ = {isa = PBXBuildFile; fileRef = D8547FC9297BF76700655E3D /* Heebo-Regular.ttf */; };
		D8547FD3297BF76800655E3D /* Heebo-ExtraLight.ttf in Resources */ = {isa = PBXBuildFile; fileRef = D8547FCA297BF76700655E3D /* Heebo-ExtraLight.ttf */; };
		D8547FD4297BF76800655E3D /* Heebo-Light.ttf in Resources */ = {isa = PBXBuildFile; fileRef = D8547FCB297BF76700655E3D /* Heebo-Light.ttf */; };
		D8547FD5297BF76800655E3D /* Heebo-Bold.ttf in Resources */ = {isa = PBXBuildFile; fileRef = D8547FCC297BF76700655E3D /* Heebo-Bold.ttf */; };
		D8547FD6297BF76800655E3D /* Heebo-ExtraBold.ttf in Resources */ = {isa = PBXBuildFile; fileRef = D8547FCD297BF76700655E3D /* Heebo-ExtraBold.ttf */; };
		D8547FD7297BF76800655E3D /* Heebo-SemiBold.ttf in Resources */ = {isa = PBXBuildFile; fileRef = D8547FCE297BF76700655E3D /* Heebo-SemiBold.ttf */; };
		D8547FD8297BF76800655E3D /* Heebo-Medium.ttf in Resources */ = {isa = PBXBuildFile; fileRef = D8547FCF297BF76700655E3D /* Heebo-Medium.ttf */; };
		D8547FD9297BF76800655E3D /* Heebo-Thin.ttf in Resources */ = {isa = PBXBuildFile; fileRef = D8547FD0297BF76700655E3D /* Heebo-Thin.ttf */; };
		D8547FDA297BF76800655E3D /* Heebo-Black.ttf in Resources */ = {isa = PBXBuildFile; fileRef = D8547FD1297BF76800655E3D /* Heebo-Black.ttf */; };
		D8547FEE297BF78200655E3D /* BeVietnamPro-SemiBoldItalic.ttf in Resources */ = {isa = PBXBuildFile; fileRef = D8547FDC297BF78200655E3D /* BeVietnamPro-SemiBoldItalic.ttf */; };
		D8547FEF297BF78200655E3D /* BeVietnamPro-Thin.ttf in Resources */ = {isa = PBXBuildFile; fileRef = D8547FDD297BF78200655E3D /* BeVietnamPro-Thin.ttf */; };
		D8547FF0297BF78200655E3D /* BeVietnamPro-BoldItalic.ttf in Resources */ = {isa = PBXBuildFile; fileRef = D8547FDE297BF78200655E3D /* BeVietnamPro-BoldItalic.ttf */; };
		D8547FF1297BF78200655E3D /* BeVietnamPro-ExtraLightItalic.ttf in Resources */ = {isa = PBXBuildFile; fileRef = D8547FDF297BF78200655E3D /* BeVietnamPro-ExtraLightItalic.ttf */; };
		D8547FF2297BF78200655E3D /* BeVietnamPro-ExtraBoldItalic.ttf in Resources */ = {isa = PBXBuildFile; fileRef = D8547FE0297BF78200655E3D /* BeVietnamPro-ExtraBoldItalic.ttf */; };
		D8547FF3297BF78200655E3D /* BeVietnamPro-Bold.ttf in Resources */ = {isa = PBXBuildFile; fileRef = D8547FE1297BF78200655E3D /* BeVietnamPro-Bold.ttf */; };
		D8547FF4297BF78200655E3D /* BeVietnamPro-ExtraBold.ttf in Resources */ = {isa = PBXBuildFile; fileRef = D8547FE2297BF78200655E3D /* BeVietnamPro-ExtraBold.ttf */; };
		D8547FF5297BF78200655E3D /* BeVietnamPro-ExtraLight.ttf in Resources */ = {isa = PBXBuildFile; fileRef = D8547FE3297BF78200655E3D /* BeVietnamPro-ExtraLight.ttf */; };
		D8547FF6297BF78200655E3D /* BeVietnamPro-LightItalic.ttf in Resources */ = {isa = PBXBuildFile; fileRef = D8547FE4297BF78200655E3D /* BeVietnamPro-LightItalic.ttf */; };
		D8547FF7297BF78200655E3D /* BeVietnamPro-Italic.ttf in Resources */ = {isa = PBXBuildFile; fileRef = D8547FE5297BF78200655E3D /* BeVietnamPro-Italic.ttf */; };
		D8547FF8297BF78200655E3D /* BeVietnamPro-Black.ttf in Resources */ = {isa = PBXBuildFile; fileRef = D8547FE6297BF78200655E3D /* BeVietnamPro-Black.ttf */; };
		D8547FF9297BF78200655E3D /* BeVietnamPro-Regular.ttf in Resources */ = {isa = PBXBuildFile; fileRef = D8547FE7297BF78200655E3D /* BeVietnamPro-Regular.ttf */; };
		D8547FFA297BF78200655E3D /* BeVietnamPro-Medium.ttf in Resources */ = {isa = PBXBuildFile; fileRef = D8547FE8297BF78200655E3D /* BeVietnamPro-Medium.ttf */; };
		D8547FFB297BF78200655E3D /* BeVietnamPro-SemiBold.ttf in Resources */ = {isa = PBXBuildFile; fileRef = D8547FE9297BF78200655E3D /* BeVietnamPro-SemiBold.ttf */; };
		D8547FFC297BF78200655E3D /* BeVietnamPro-Light.ttf in Resources */ = {isa = PBXBuildFile; fileRef = D8547FEA297BF78200655E3D /* BeVietnamPro-Light.ttf */; };
		D8547FFD297BF78200655E3D /* BeVietnamPro-BlackItalic.ttf in Resources */ = {isa = PBXBuildFile; fileRef = D8547FEB297BF78200655E3D /* BeVietnamPro-BlackItalic.ttf */; };
		D8547FFE297BF78200655E3D /* BeVietnamPro-ThinItalic.ttf in Resources */ = {isa = PBXBuildFile; fileRef = D8547FEC297BF78200655E3D /* BeVietnamPro-ThinItalic.ttf */; };
		D8547FFF297BF78200655E3D /* BeVietnamPro-MediumItalic.ttf in Resources */ = {isa = PBXBuildFile; fileRef = D8547FED297BF78200655E3D /* BeVietnamPro-MediumItalic.ttf */; };
		D8D6AE26297A96A40046BA1D /* FlatItApp.swift in Sources */ = {isa = PBXBuildFile; fileRef = D8D6AE25297A96A40046BA1D /* FlatItApp.swift */; };
		D8D6AE28297A96A40046BA1D /* ContentView.swift in Sources */ = {isa = PBXBuildFile; fileRef = D8D6AE27297A96A40046BA1D /* ContentView.swift */; };
		D8D6AE2A297A96A40046BA1D /* Assets.xcassets in Resources */ = {isa = PBXBuildFile; fileRef = D8D6AE29297A96A40046BA1D /* Assets.xcassets */; };
		D8D6AE2D297A96A40046BA1D /* Preview Assets.xcassets in Resources */ = {isa = PBXBuildFile; fileRef = D8D6AE2C297A96A40046BA1D /* Preview Assets.xcassets */; };
		D8D6AE34297A96C10046BA1D /* FlatmatesList.swift in Sources */ = {isa = PBXBuildFile; fileRef = D8D6AE33297A96C10046BA1D /* FlatmatesList.swift */; };
		D8D6AE36297A97010046BA1D /* FlatmateRow.swift in Sources */ = {isa = PBXBuildFile; fileRef = D8D6AE35297A97010046BA1D /* FlatmateRow.swift */; };
		D8D6AE38297A973C0046BA1D /* Flatmate.swift in Sources */ = {isa = PBXBuildFile; fileRef = D8D6AE37297A973C0046BA1D /* Flatmate.swift */; };
		D8FF1FF5297FE69F00193D49 /* RegisterView.swift in Sources */ = {isa = PBXBuildFile; fileRef = D8FF1FF4297FE69F00193D49 /* RegisterView.swift */; };
/* End PBXBuildFile section */

/* Begin PBXFileReference section */
		D836A3E5297AA65000822C50 /* FlatmateImage.swift */ = {isa = PBXFileReference; lastKnownFileType = sourcecode.swift; path = FlatmateImage.swift; sourceTree = "<group>"; };
		D844B15C29865B7600CB03A5 /* RegisterButton.swift */ = {isa = PBXFileReference; lastKnownFileType = sourcecode.swift; path = RegisterButton.swift; sourceTree = "<group>"; };
		D844B15F2986662E00CB03A5 /* FlatItDataModel.xcdatamodel */ = {isa = PBXFileReference; lastKnownFileType = wrapper.xcdatamodel; path = FlatItDataModel.xcdatamodel; sourceTree = "<group>"; };
		D84EF89029892C260075C413 /* FlatmatesProvider.swift */ = {isa = PBXFileReference; lastKnownFileType = sourcecode.swift; path = FlatmatesProvider.swift; sourceTree = "<group>"; };
		D8547FC6297BF6EA00655E3D /* Info.plist */ = {isa = PBXFileReference; lastKnownFileType = text.plist; path = Info.plist; sourceTree = "<group>"; };
		D8547FC9297BF76700655E3D /* Heebo-Regular.ttf */ = {isa = PBXFileReference; lastKnownFileType = file; path = "Heebo-Regular.ttf"; sourceTree = "<group>"; };
		D8547FCA297BF76700655E3D /* Heebo-ExtraLight.ttf */ = {isa = PBXFileReference; lastKnownFileType = file; path = "Heebo-ExtraLight.ttf"; sourceTree = "<group>"; };
		D8547FCB297BF76700655E3D /* Heebo-Light.ttf */ = {isa = PBXFileReference; lastKnownFileType = file; path = "Heebo-Light.ttf"; sourceTree = "<group>"; };
		D8547FCC297BF76700655E3D /* Heebo-Bold.ttf */ = {isa = PBXFileReference; lastKnownFileType = file; path = "Heebo-Bold.ttf"; sourceTree = "<group>"; };
		D8547FCD297BF76700655E3D /* Heebo-ExtraBold.ttf */ = {isa = PBXFileReference; lastKnownFileType = file; path = "Heebo-ExtraBold.ttf"; sourceTree = "<group>"; };
		D8547FCE297BF76700655E3D /* Heebo-SemiBold.ttf */ = {isa = PBXFileReference; lastKnownFileType = file; path = "Heebo-SemiBold.ttf"; sourceTree = "<group>"; };
		D8547FCF297BF76700655E3D /* Heebo-Medium.ttf */ = {isa = PBXFileReference; lastKnownFileType = file; path = "Heebo-Medium.ttf"; sourceTree = "<group>"; };
		D8547FD0297BF76700655E3D /* Heebo-Thin.ttf */ = {isa = PBXFileReference; lastKnownFileType = file; path = "Heebo-Thin.ttf"; sourceTree = "<group>"; };
		D8547FD1297BF76800655E3D /* Heebo-Black.ttf */ = {isa = PBXFileReference; lastKnownFileType = file; path = "Heebo-Black.ttf"; sourceTree = "<group>"; };
		D8547FDC297BF78200655E3D /* BeVietnamPro-SemiBoldItalic.ttf */ = {isa = PBXFileReference; lastKnownFileType = file; path = "BeVietnamPro-SemiBoldItalic.ttf"; sourceTree = "<group>"; };
		D8547FDD297BF78200655E3D /* BeVietnamPro-Thin.ttf */ = {isa = PBXFileReference; lastKnownFileType = file; path = "BeVietnamPro-Thin.ttf"; sourceTree = "<group>"; };
		D8547FDE297BF78200655E3D /* BeVietnamPro-BoldItalic.ttf */ = {isa = PBXFileReference; lastKnownFileType = file; path = "BeVietnamPro-BoldItalic.ttf"; sourceTree = "<group>"; };
		D8547FDF297BF78200655E3D /* BeVietnamPro-ExtraLightItalic.ttf */ = {isa = PBXFileReference; lastKnownFileType = file; path = "BeVietnamPro-ExtraLightItalic.ttf"; sourceTree = "<group>"; };
		D8547FE0297BF78200655E3D /* BeVietnamPro-ExtraBoldItalic.ttf */ = {isa = PBXFileReference; lastKnownFileType = file; path = "BeVietnamPro-ExtraBoldItalic.ttf"; sourceTree = "<group>"; };
		D8547FE1297BF78200655E3D /* BeVietnamPro-Bold.ttf */ = {isa = PBXFileReference; lastKnownFileType = file; path = "BeVietnamPro-Bold.ttf"; sourceTree = "<group>"; };
		D8547FE2297BF78200655E3D /* BeVietnamPro-ExtraBold.ttf */ = {isa = PBXFileReference; lastKnownFileType = file; path = "BeVietnamPro-ExtraBold.ttf"; sourceTree = "<group>"; };
		D8547FE3297BF78200655E3D /* BeVietnamPro-ExtraLight.ttf */ = {isa = PBXFileReference; lastKnownFileType = file; path = "BeVietnamPro-ExtraLight.ttf"; sourceTree = "<group>"; };
		D8547FE4297BF78200655E3D /* BeVietnamPro-LightItalic.ttf */ = {isa = PBXFileReference; lastKnownFileType = file; path = "BeVietnamPro-LightItalic.ttf"; sourceTree = "<group>"; };
		D8547FE5297BF78200655E3D /* BeVietnamPro-Italic.ttf */ = {isa = PBXFileReference; lastKnownFileType = file; path = "BeVietnamPro-Italic.ttf"; sourceTree = "<group>"; };
		D8547FE6297BF78200655E3D /* BeVietnamPro-Black.ttf */ = {isa = PBXFileReference; lastKnownFileType = file; path = "BeVietnamPro-Black.ttf"; sourceTree = "<group>"; };
		D8547FE7297BF78200655E3D /* BeVietnamPro-Regular.ttf */ = {isa = PBXFileReference; lastKnownFileType = file; path = "BeVietnamPro-Regular.ttf"; sourceTree = "<group>"; };
		D8547FE8297BF78200655E3D /* BeVietnamPro-Medium.ttf */ = {isa = PBXFileReference; lastKnownFileType = file; path = "BeVietnamPro-Medium.ttf"; sourceTree = "<group>"; };
		D8547FE9297BF78200655E3D /* BeVietnamPro-SemiBold.ttf */ = {isa = PBXFileReference; lastKnownFileType = file; path = "BeVietnamPro-SemiBold.ttf"; sourceTree = "<group>"; };
		D8547FEA297BF78200655E3D /* BeVietnamPro-Light.ttf */ = {isa = PBXFileReference; lastKnownFileType = file; path = "BeVietnamPro-Light.ttf"; sourceTree = "<group>"; };
		D8547FEB297BF78200655E3D /* BeVietnamPro-BlackItalic.ttf */ = {isa = PBXFileReference; lastKnownFileType = file; path = "BeVietnamPro-BlackItalic.ttf"; sourceTree = "<group>"; };
		D8547FEC297BF78200655E3D /* BeVietnamPro-ThinItalic.ttf */ = {isa = PBXFileReference; lastKnownFileType = file; path = "BeVietnamPro-ThinItalic.ttf"; sourceTree = "<group>"; };
		D8547FED297BF78200655E3D /* BeVietnamPro-MediumItalic.ttf */ = {isa = PBXFileReference; lastKnownFileType = file; path = "BeVietnamPro-MediumItalic.ttf"; sourceTree = "<group>"; };
		D8D6AE22297A96A40046BA1D /* FlatIt.app */ = {isa = PBXFileReference; explicitFileType = wrapper.application; includeInIndex = 0; path = FlatIt.app; sourceTree = BUILT_PRODUCTS_DIR; };
		D8D6AE25297A96A40046BA1D /* FlatItApp.swift */ = {isa = PBXFileReference; lastKnownFileType = sourcecode.swift; path = FlatItApp.swift; sourceTree = "<group>"; };
		D8D6AE27297A96A40046BA1D /* ContentView.swift */ = {isa = PBXFileReference; lastKnownFileType = sourcecode.swift; path = ContentView.swift; sourceTree = "<group>"; };
		D8D6AE29297A96A40046BA1D /* Assets.xcassets */ = {isa = PBXFileReference; lastKnownFileType = folder.assetcatalog; path = Assets.xcassets; sourceTree = "<group>"; };
		D8D6AE2C297A96A40046BA1D /* Preview Assets.xcassets */ = {isa = PBXFileReference; lastKnownFileType = folder.assetcatalog; path = "Preview Assets.xcassets"; sourceTree = "<group>"; };
		D8D6AE33297A96C10046BA1D /* FlatmatesList.swift */ = {isa = PBXFileReference; lastKnownFileType = sourcecode.swift; path = FlatmatesList.swift; sourceTree = "<group>"; };
		D8D6AE35297A97010046BA1D /* FlatmateRow.swift */ = {isa = PBXFileReference; lastKnownFileType = sourcecode.swift; path = FlatmateRow.swift; sourceTree = "<group>"; };
		D8D6AE37297A973C0046BA1D /* Flatmate.swift */ = {isa = PBXFileReference; lastKnownFileType = sourcecode.swift; path = Flatmate.swift; sourceTree = "<group>"; };
		D8FF1FF4297FE69F00193D49 /* RegisterView.swift */ = {isa = PBXFileReference; lastKnownFileType = sourcecode.swift; path = RegisterView.swift; sourceTree = "<group>"; };
/* End PBXFileReference section */

/* Begin PBXFrameworksBuildPhase section */
		D8D6AE1F297A96A40046BA1D /* Frameworks */ = {
			isa = PBXFrameworksBuildPhase;
			buildActionMask = 2147483647;
			files = (
			);
			runOnlyForDeploymentPostprocessing = 0;
		};
/* End PBXFrameworksBuildPhase section */

/* Begin PBXGroup section */
		D84EF89229892C2B0075C413 /* Provider */ = {
			isa = PBXGroup;
			children = (
				D84EF89029892C260075C413 /* FlatmatesProvider.swift */,
			);
			path = Provider;
			sourceTree = "<group>";
		};
		D8547FC7297BF73600655E3D /* Fonts */ = {
			isa = PBXGroup;
			children = (
				D8547FDB297BF77900655E3D /* BeVietnamPro */,
				D8547FC8297BF75B00655E3D /* Heebo */,
			);
			path = Fonts;
			sourceTree = "<group>";
		};
		D8547FC8297BF75B00655E3D /* Heebo */ = {
			isa = PBXGroup;
			children = (
				D8547FD1297BF76800655E3D /* Heebo-Black.ttf */,
				D8547FCC297BF76700655E3D /* Heebo-Bold.ttf */,
				D8547FCD297BF76700655E3D /* Heebo-ExtraBold.ttf */,
				D8547FCA297BF76700655E3D /* Heebo-ExtraLight.ttf */,
				D8547FCB297BF76700655E3D /* Heebo-Light.ttf */,
				D8547FCF297BF76700655E3D /* Heebo-Medium.ttf */,
				D8547FC9297BF76700655E3D /* Heebo-Regular.ttf */,
				D8547FCE297BF76700655E3D /* Heebo-SemiBold.ttf */,
				D8547FD0297BF76700655E3D /* Heebo-Thin.ttf */,
			);
			path = Heebo;
			sourceTree = "<group>";
		};
		D8547FDB297BF77900655E3D /* BeVietnamPro */ = {
			isa = PBXGroup;
			children = (
				D8547FE6297BF78200655E3D /* BeVietnamPro-Black.ttf */,
				D8547FEB297BF78200655E3D /* BeVietnamPro-BlackItalic.ttf */,
				D8547FE1297BF78200655E3D /* BeVietnamPro-Bold.ttf */,
				D8547FDE297BF78200655E3D /* BeVietnamPro-BoldItalic.ttf */,
				D8547FE2297BF78200655E3D /* BeVietnamPro-ExtraBold.ttf */,
				D8547FE0297BF78200655E3D /* BeVietnamPro-ExtraBoldItalic.ttf */,
				D8547FE3297BF78200655E3D /* BeVietnamPro-ExtraLight.ttf */,
				D8547FDF297BF78200655E3D /* BeVietnamPro-ExtraLightItalic.ttf */,
				D8547FE5297BF78200655E3D /* BeVietnamPro-Italic.ttf */,
				D8547FEA297BF78200655E3D /* BeVietnamPro-Light.ttf */,
				D8547FE4297BF78200655E3D /* BeVietnamPro-LightItalic.ttf */,
				D8547FE8297BF78200655E3D /* BeVietnamPro-Medium.ttf */,
				D8547FED297BF78200655E3D /* BeVietnamPro-MediumItalic.ttf */,
				D8547FE7297BF78200655E3D /* BeVietnamPro-Regular.ttf */,
				D8547FE9297BF78200655E3D /* BeVietnamPro-SemiBold.ttf */,
				D8547FDC297BF78200655E3D /* BeVietnamPro-SemiBoldItalic.ttf */,
				D8547FDD297BF78200655E3D /* BeVietnamPro-Thin.ttf */,
				D8547FEC297BF78200655E3D /* BeVietnamPro-ThinItalic.ttf */,
			);
			path = BeVietnamPro;
			sourceTree = "<group>";
		};
		D8D6AE19297A96A40046BA1D = {
			isa = PBXGroup;
			children = (
				D8D6AE24297A96A40046BA1D /* FlatIt */,
				D8D6AE23297A96A40046BA1D /* Products */,
			);
			sourceTree = "<group>";
		};
		D8D6AE23297A96A40046BA1D /* Products */ = {
			isa = PBXGroup;
			children = (
				D8D6AE22297A96A40046BA1D /* FlatIt.app */,
			);
			name = Products;
			sourceTree = "<group>";
		};
		D8D6AE24297A96A40046BA1D /* FlatIt */ = {
			isa = PBXGroup;
			children = (
				D8547FC6297BF6EA00655E3D /* Info.plist */,
				D8D6AE25297A96A40046BA1D /* FlatItApp.swift */,
				D8D6AE27297A96A40046BA1D /* ContentView.swift */,
				D844B15E2986662E00CB03A5 /* FlatItDataModel.xcdatamodeld */,
				D8D6AE29297A96A40046BA1D /* Assets.xcassets */,
				D8547FC7297BF73600655E3D /* Fonts */,
				D84EF89229892C2B0075C413 /* Provider */,
				D8D6AE3A297A9BB80046BA1D /* Models */,
				D8D6AE39297A9BB00046BA1D /* Views */,
				D8D6AE2B297A96A40046BA1D /* Preview Content */,
			);
			path = FlatIt;
			sourceTree = "<group>";
		};
		D8D6AE2B297A96A40046BA1D /* Preview Content */ = {
			isa = PBXGroup;
			children = (
				D8D6AE2C297A96A40046BA1D /* Preview Assets.xcassets */,
			);
			path = "Preview Content";
			sourceTree = "<group>";
		};
		D8D6AE39297A9BB00046BA1D /* Views */ = {
			isa = PBXGroup;
			children = (
				D8D6AE33297A96C10046BA1D /* FlatmatesList.swift */,
				D8D6AE35297A97010046BA1D /* FlatmateRow.swift */,
				D836A3E5297AA65000822C50 /* FlatmateImage.swift */,
				D8FF1FF4297FE69F00193D49 /* RegisterView.swift */,
				D844B15C29865B7600CB03A5 /* RegisterButton.swift */,
			);
			path = Views;
			sourceTree = "<group>";
		};
		D8D6AE3A297A9BB80046BA1D /* Models */ = {
			isa = PBXGroup;
			children = (
				D8D6AE37297A973C0046BA1D /* Flatmate.swift */,
			);
			path = Models;
			sourceTree = "<group>";
		};
/* End PBXGroup section */

/* Begin PBXNativeTarget section */
		D8D6AE21297A96A40046BA1D /* FlatIt */ = {
			isa = PBXNativeTarget;
			buildConfigurationList = D8D6AE30297A96A40046BA1D /* Build configuration list for PBXNativeTarget "FlatIt" */;
			buildPhases = (
				D8D6AE1E297A96A40046BA1D /* Sources */,
				D8D6AE1F297A96A40046BA1D /* Frameworks */,
				D8D6AE20297A96A40046BA1D /* Resources */,
			);
			buildRules = (
			);
			dependencies = (
			);
			name = FlatIt;
			productName = FlatIt;
			productReference = D8D6AE22297A96A40046BA1D /* FlatIt.app */;
			productType = "com.apple.product-type.application";
		};
/* End PBXNativeTarget section */

/* Begin PBXProject section */
		D8D6AE1A297A96A40046BA1D /* Project object */ = {
			isa = PBXProject;
			attributes = {
				BuildIndependentTargetsInParallel = 1;
				LastSwiftUpdateCheck = 1420;
				LastUpgradeCheck = 1420;
				TargetAttributes = {
					D8D6AE21297A96A40046BA1D = {
						CreatedOnToolsVersion = 14.2;
					};
				};
			};
			buildConfigurationList = D8D6AE1D297A96A40046BA1D /* Build configuration list for PBXProject "FlatIt" */;
			compatibilityVersion = "Xcode 14.0";
			developmentRegion = en;
			hasScannedForEncodings = 0;
			knownRegions = (
				en,
				Base,
			);
			mainGroup = D8D6AE19297A96A40046BA1D;
			productRefGroup = D8D6AE23297A96A40046BA1D /* Products */;
			projectDirPath = "";
			projectRoot = "";
			targets = (
				D8D6AE21297A96A40046BA1D /* FlatIt */,
			);
		};
/* End PBXProject section */

/* Begin PBXResourcesBuildPhase section */
		D8D6AE20297A96A40046BA1D /* Resources */ = {
			isa = PBXResourcesBuildPhase;
			buildActionMask = 2147483647;
			files = (
				D8547FFD297BF78200655E3D /* BeVietnamPro-BlackItalic.ttf in Resources */,
				D8547FF2297BF78200655E3D /* BeVietnamPro-ExtraBoldItalic.ttf in Resources */,
				D8547FD4297BF76800655E3D /* Heebo-Light.ttf in Resources */,
				D8547FF8297BF78200655E3D /* BeVietnamPro-Black.ttf in Resources */,
				D8547FF0297BF78200655E3D /* BeVietnamPro-BoldItalic.ttf in Resources */,
				D8547FD3297BF76800655E3D /* Heebo-ExtraLight.ttf in Resources */,
				D8547FF9297BF78200655E3D /* BeVietnamPro-Regular.ttf in Resources */,
				D8547FD6297BF76800655E3D /* Heebo-ExtraBold.ttf in Resources */,
				D8547FFC297BF78200655E3D /* BeVietnamPro-Light.ttf in Resources */,
				D8547FFE297BF78200655E3D /* BeVietnamPro-ThinItalic.ttf in Resources */,
				D8D6AE2D297A96A40046BA1D /* Preview Assets.xcassets in Resources */,
				D8547FFF297BF78200655E3D /* BeVietnamPro-MediumItalic.ttf in Resources */,
				D8547FD5297BF76800655E3D /* Heebo-Bold.ttf in Resources */,
				D8547FF6297BF78200655E3D /* BeVietnamPro-LightItalic.ttf in Resources */,
				D8547FF7297BF78200655E3D /* BeVietnamPro-Italic.ttf in Resources */,
				D8547FEE297BF78200655E3D /* BeVietnamPro-SemiBoldItalic.ttf in Resources */,
				D8547FF5297BF78200655E3D /* BeVietnamPro-ExtraLight.ttf in Resources */,
				D8547FFA297BF78200655E3D /* BeVietnamPro-Medium.ttf in Resources */,
				D8547FF1297BF78200655E3D /* BeVietnamPro-ExtraLightItalic.ttf in Resources */,
				D8547FD7297BF76800655E3D /* Heebo-SemiBold.ttf in Resources */,
				D8547FD8297BF76800655E3D /* Heebo-Medium.ttf in Resources */,
				D8547FDA297BF76800655E3D /* Heebo-Black.ttf in Resources */,
				D8547FFB297BF78200655E3D /* BeVietnamPro-SemiBold.ttf in Resources */,
				D8547FD2297BF76800655E3D /* Heebo-Regular.ttf in Resources */,
				D8547FEF297BF78200655E3D /* BeVietnamPro-Thin.ttf in Resources */,
				D8D6AE2A297A96A40046BA1D /* Assets.xcassets in Resources */,
				D8547FF3297BF78200655E3D /* BeVietnamPro-Bold.ttf in Resources */,
				D8547FF4297BF78200655E3D /* BeVietnamPro-ExtraBold.ttf in Resources */,
				D8547FD9297BF76800655E3D /* Heebo-Thin.ttf in Resources */,
			);
			runOnlyForDeploymentPostprocessing = 0;
		};
/* End PBXResourcesBuildPhase section */

/* Begin PBXSourcesBuildPhase section */
		D8D6AE1E297A96A40046BA1D /* Sources */ = {
			isa = PBXSourcesBuildPhase;
			buildActionMask = 2147483647;
			files = (
				D8D6AE28297A96A40046BA1D /* ContentView.swift in Sources */,
				D8D6AE26297A96A40046BA1D /* FlatItApp.swift in Sources */,
				D8D6AE36297A97010046BA1D /* FlatmateRow.swift in Sources */,
				D844B1602986662E00CB03A5 /* FlatItDataModel.xcdatamodeld in Sources */,
				D8FF1FF5297FE69F00193D49 /* RegisterView.swift in Sources */,
				D844B15D29865B7600CB03A5 /* RegisterButton.swift in Sources */,
				D84EF89129892C260075C413 /* FlatmatesProvider.swift in Sources */,
				D836A3E6297AA65000822C50 /* FlatmateImage.swift in Sources */,
				D8D6AE34297A96C10046BA1D /* FlatmatesList.swift in Sources */,
				D8D6AE38297A973C0046BA1D /* Flatmate.swift in Sources */,
			);
			runOnlyForDeploymentPostprocessing = 0;
		};
/* End PBXSourcesBuildPhase section */

/* Begin XCBuildConfiguration section */
		D8D6AE2E297A96A40046BA1D /* Debug */ = {
			isa = XCBuildConfiguration;
			buildSettings = {
				ALWAYS_SEARCH_USER_PATHS = NO;
				CLANG_ANALYZER_NONNULL = YES;
				CLANG_ANALYZER_NUMBER_OBJECT_CONVERSION = YES_AGGRESSIVE;
				CLANG_CXX_LANGUAGE_STANDARD = "gnu++20";
				CLANG_ENABLE_MODULES = YES;
				CLANG_ENABLE_OBJC_ARC = YES;
				CLANG_ENABLE_OBJC_WEAK = YES;
				CLANG_WARN_BLOCK_CAPTURE_AUTORELEASING = YES;
				CLANG_WARN_BOOL_CONVERSION = YES;
				CLANG_WARN_COMMA = YES;
				CLANG_WARN_CONSTANT_CONVERSION = YES;
				CLANG_WARN_DEPRECATED_OBJC_IMPLEMENTATIONS = YES;
				CLANG_WARN_DIRECT_OBJC_ISA_USAGE = YES_ERROR;
				CLANG_WARN_DOCUMENTATION_COMMENTS = YES;
				CLANG_WARN_EMPTY_BODY = YES;
				CLANG_WARN_ENUM_CONVERSION = YES;
				CLANG_WARN_INFINITE_RECURSION = YES;
				CLANG_WARN_INT_CONVERSION = YES;
				CLANG_WARN_NON_LITERAL_NULL_CONVERSION = YES;
				CLANG_WARN_OBJC_IMPLICIT_RETAIN_SELF = YES;
				CLANG_WARN_OBJC_LITERAL_CONVERSION = YES;
				CLANG_WARN_OBJC_ROOT_CLASS = YES_ERROR;
				CLANG_WARN_QUOTED_INCLUDE_IN_FRAMEWORK_HEADER = YES;
				CLANG_WARN_RANGE_LOOP_ANALYSIS = YES;
				CLANG_WARN_STRICT_PROTOTYPES = YES;
				CLANG_WARN_SUSPICIOUS_MOVE = YES;
				CLANG_WARN_UNGUARDED_AVAILABILITY = YES_AGGRESSIVE;
				CLANG_WARN_UNREACHABLE_CODE = YES;
				CLANG_WARN__DUPLICATE_METHOD_MATCH = YES;
				COPY_PHASE_STRIP = NO;
				DEBUG_INFORMATION_FORMAT = dwarf;
				ENABLE_STRICT_OBJC_MSGSEND = YES;
				ENABLE_TESTABILITY = YES;
				GCC_C_LANGUAGE_STANDARD = gnu11;
				GCC_DYNAMIC_NO_PIC = NO;
				GCC_NO_COMMON_BLOCKS = YES;
				GCC_OPTIMIZATION_LEVEL = 0;
				GCC_PREPROCESSOR_DEFINITIONS = (
					"DEBUG=1",
					"$(inherited)",
				);
				GCC_WARN_64_TO_32_BIT_CONVERSION = YES;
				GCC_WARN_ABOUT_RETURN_TYPE = YES_ERROR;
				GCC_WARN_UNDECLARED_SELECTOR = YES;
				GCC_WARN_UNINITIALIZED_AUTOS = YES_AGGRESSIVE;
				GCC_WARN_UNUSED_FUNCTION = YES;
				GCC_WARN_UNUSED_VARIABLE = YES;
				IPHONEOS_DEPLOYMENT_TARGET = 16.2;
				MTL_ENABLE_DEBUG_INFO = INCLUDE_SOURCE;
				MTL_FAST_MATH = YES;
				ONLY_ACTIVE_ARCH = YES;
				SDKROOT = iphoneos;
				SWIFT_ACTIVE_COMPILATION_CONDITIONS = DEBUG;
				SWIFT_OPTIMIZATION_LEVEL = "-Onone";
			};
			name = Debug;
		};
		D8D6AE2F297A96A40046BA1D /* Release */ = {
			isa = XCBuildConfiguration;
			buildSettings = {
				ALWAYS_SEARCH_USER_PATHS = NO;
				CLANG_ANALYZER_NONNULL = YES;
				CLANG_ANALYZER_NUMBER_OBJECT_CONVERSION = YES_AGGRESSIVE;
				CLANG_CXX_LANGUAGE_STANDARD = "gnu++20";
				CLANG_ENABLE_MODULES = YES;
				CLANG_ENABLE_OBJC_ARC = YES;
				CLANG_ENABLE_OBJC_WEAK = YES;
				CLANG_WARN_BLOCK_CAPTURE_AUTORELEASING = YES;
				CLANG_WARN_BOOL_CONVERSION = YES;
				CLANG_WARN_COMMA = YES;
				CLANG_WARN_CONSTANT_CONVERSION = YES;
				CLANG_WARN_DEPRECATED_OBJC_IMPLEMENTATIONS = YES;
				CLANG_WARN_DIRECT_OBJC_ISA_USAGE = YES_ERROR;
				CLANG_WARN_DOCUMENTATION_COMMENTS = YES;
				CLANG_WARN_EMPTY_BODY = YES;
				CLANG_WARN_ENUM_CONVERSION = YES;
				CLANG_WARN_INFINITE_RECURSION = YES;
				CLANG_WARN_INT_CONVERSION = YES;
				CLANG_WARN_NON_LITERAL_NULL_CONVERSION = YES;
				CLANG_WARN_OBJC_IMPLICIT_RETAIN_SELF = YES;
				CLANG_WARN_OBJC_LITERAL_CONVERSION = YES;
				CLANG_WARN_OBJC_ROOT_CLASS = YES_ERROR;
				CLANG_WARN_QUOTED_INCLUDE_IN_FRAMEWORK_HEADER = YES;
				CLANG_WARN_RANGE_LOOP_ANALYSIS = YES;
				CLANG_WARN_STRICT_PROTOTYPES = YES;
				CLANG_WARN_SUSPICIOUS_MOVE = YES;
				CLANG_WARN_UNGUARDED_AVAILABILITY = YES_AGGRESSIVE;
				CLANG_WARN_UNREACHABLE_CODE = YES;
				CLANG_WARN__DUPLICATE_METHOD_MATCH = YES;
				COPY_PHASE_STRIP = NO;
				DEBUG_INFORMATION_FORMAT = "dwarf-with-dsym";
				ENABLE_NS_ASSERTIONS = NO;
				ENABLE_STRICT_OBJC_MSGSEND = YES;
				GCC_C_LANGUAGE_STANDARD = gnu11;
				GCC_NO_COMMON_BLOCKS = YES;
				GCC_WARN_64_TO_32_BIT_CONVERSION = YES;
				GCC_WARN_ABOUT_RETURN_TYPE = YES_ERROR;
				GCC_WARN_UNDECLARED_SELECTOR = YES;
				GCC_WARN_UNINITIALIZED_AUTOS = YES_AGGRESSIVE;
				GCC_WARN_UNUSED_FUNCTION = YES;
				GCC_WARN_UNUSED_VARIABLE = YES;
				IPHONEOS_DEPLOYMENT_TARGET = 16.2;
				MTL_ENABLE_DEBUG_INFO = NO;
				MTL_FAST_MATH = YES;
				SDKROOT = iphoneos;
				SWIFT_COMPILATION_MODE = wholemodule;
				SWIFT_OPTIMIZATION_LEVEL = "-O";
				VALIDATE_PRODUCT = YES;
			};
			name = Release;
		};
		D8D6AE31297A96A40046BA1D /* Debug */ = {
			isa = XCBuildConfiguration;
			buildSettings = {
				ASSETCATALOG_COMPILER_APPICON_NAME = AppIcon;
				ASSETCATALOG_COMPILER_GLOBAL_ACCENT_COLOR_NAME = AccentColor;
				CODE_SIGN_STYLE = Automatic;
				CURRENT_PROJECT_VERSION = 1;
				DEVELOPMENT_ASSET_PATHS = "\"FlatIt/Preview Content\"";
				DEVELOPMENT_TEAM = 628P56LM84;
				ENABLE_PREVIEWS = YES;
				GENERATE_INFOPLIST_FILE = YES;
				INFOPLIST_FILE = FlatIt/Info.plist;
				INFOPLIST_KEY_UIApplicationSceneManifest_Generation = YES;
				INFOPLIST_KEY_UIApplicationSupportsIndirectInputEvents = YES;
				INFOPLIST_KEY_UILaunchScreen_Generation = YES;
				INFOPLIST_KEY_UISupportedInterfaceOrientations_iPad = "UIInterfaceOrientationPortrait UIInterfaceOrientationPortraitUpsideDown UIInterfaceOrientationLandscapeLeft UIInterfaceOrientationLandscapeRight";
				INFOPLIST_KEY_UISupportedInterfaceOrientations_iPhone = "UIInterfaceOrientationPortrait UIInterfaceOrientationLandscapeLeft UIInterfaceOrientationLandscapeRight";
				LD_RUNPATH_SEARCH_PATHS = (
					"$(inherited)",
					"@executable_path/Frameworks",
				);
				MARKETING_VERSION = 1.0;
				PRODUCT_BUNDLE_IDENTIFIER = com.euanwidjaja.FlatIt;
				PRODUCT_NAME = "$(TARGET_NAME)";
				SWIFT_EMIT_LOC_STRINGS = YES;
				SWIFT_VERSION = 5.0;
				TARGETED_DEVICE_FAMILY = "1,2";
			};
			name = Debug;
		};
		D8D6AE32297A96A40046BA1D /* Release */ = {
			isa = XCBuildConfiguration;
			buildSettings = {
				ASSETCATALOG_COMPILER_APPICON_NAME = AppIcon;
				ASSETCATALOG_COMPILER_GLOBAL_ACCENT_COLOR_NAME = AccentColor;
				CODE_SIGN_STYLE = Automatic;
				CURRENT_PROJECT_VERSION = 1;
				DEVELOPMENT_ASSET_PATHS = "\"FlatIt/Preview Content\"";
				DEVELOPMENT_TEAM = 628P56LM84;
				ENABLE_PREVIEWS = YES;
				GENERATE_INFOPLIST_FILE = YES;
				INFOPLIST_FILE = FlatIt/Info.plist;
				INFOPLIST_KEY_UIApplicationSceneManifest_Generation = YES;
				INFOPLIST_KEY_UIApplicationSupportsIndirectInputEvents = YES;
				INFOPLIST_KEY_UILaunchScreen_Generation = YES;
				INFOPLIST_KEY_UISupportedInterfaceOrientations_iPad = "UIInterfaceOrientationPortrait UIInterfaceOrientationPortraitUpsideDown UIInterfaceOrientationLandscapeLeft UIInterfaceOrientationLandscapeRight";
				INFOPLIST_KEY_UISupportedInterfaceOrientations_iPhone = "UIInterfaceOrientationPortrait UIInterfaceOrientationLandscapeLeft UIInterfaceOrientationLandscapeRight";
				LD_RUNPATH_SEARCH_PATHS = (
					"$(inherited)",
					"@executable_path/Frameworks",
				);
				MARKETING_VERSION = 1.0;
				PRODUCT_BUNDLE_IDENTIFIER = com.euanwidjaja.FlatIt;
				PRODUCT_NAME = "$(TARGET_NAME)";
				SWIFT_EMIT_LOC_STRINGS = YES;
				SWIFT_VERSION = 5.0;
				TARGETED_DEVICE_FAMILY = "1,2";
			};
			name = Release;
		};
/* End XCBuildConfiguration section */

/* Begin XCConfigurationList section */
		D8D6AE1D297A96A40046BA1D /* Build configuration list for PBXProject "FlatIt" */ = {
			isa = XCConfigurationList;
			buildConfigurations = (
				D8D6AE2E297A96A40046BA1D /* Debug */,
				D8D6AE2F297A96A40046BA1D /* Release */,
			);
			defaultConfigurationIsVisible = 0;
			defaultConfigurationName = Release;
		};
		D8D6AE30297A96A40046BA1D /* Build configuration list for PBXNativeTarget "FlatIt" */ = {
			isa = XCConfigurationList;
			buildConfigurations = (
				D8D6AE31297A96A40046BA1D /* Debug */,
				D8D6AE32297A96A40046BA1D /* Release */,
			);
			defaultConfigurationIsVisible = 0;
			defaultConfigurationName = Release;
		};
/* End XCConfigurationList section */

/* Begin XCVersionGroup section */
		D844B15E2986662E00CB03A5 /* FlatItDataModel.xcdatamodeld */ = {
			isa = XCVersionGroup;
			children = (
				D844B15F2986662E00CB03A5 /* FlatItDataModel.xcdatamodel */,
			);
			currentVersion = D844B15F2986662E00CB03A5 /* FlatItDataModel.xcdatamodel */;
			path = FlatItDataModel.xcdatamodeld;
			sourceTree = "<group>";
			versionGroupType = wrapper.xcdatamodel;
		};
/* End XCVersionGroup section */
	};
	rootObject = D8D6AE1A297A96A40046BA1D /* Project object */;
}
